// !$*UTF8*$!
{
	archiveVersion = 1;
	classes = {
	};
	objectVersion = 46;
	objects = {

/* Begin PBXBuildFile section */
		52F5CA791B82D4EC00E97BB8 /* main.m in Sources */ = {isa = PBXBuildFile; fileRef = 52F5CA781B82D4EC00E97BB8 /* main.m */; };
		52F5CA7C1B82D4EC00E97BB8 /* AppDelegate.m in Sources */ = {isa = PBXBuildFile; fileRef = 52F5CA7B1B82D4EC00E97BB8 /* AppDelegate.m */; };
		52F5CA7F1B82D4EC00E97BB8 /* ViewController.m in Sources */ = {isa = PBXBuildFile; fileRef = 52F5CA7E1B82D4EC00E97BB8 /* ViewController.m */; };
		52F5CA821B82D4EC00E97BB8 /* Main.storyboard in Resources */ = {isa = PBXBuildFile; fileRef = 52F5CA801B82D4EC00E97BB8 /* Main.storyboard */; };
		52F5CA841B82D4EC00E97BB8 /* Images.xcassets in Resources */ = {isa = PBXBuildFile; fileRef = 52F5CA831B82D4EC00E97BB8 /* Images.xcassets */; };
		52F5CA871B82D4EC00E97BB8 /* LaunchScreen.xib in Resources */ = {isa = PBXBuildFile; fileRef = 52F5CA851B82D4EC00E97BB8 /* LaunchScreen.xib */; };
		52F5CA931B82D4EC00E97BB8 /* TestWKWebViewTests.m in Sources */ = {isa = PBXBuildFile; fileRef = 52F5CA921B82D4EC00E97BB8 /* TestWKWebViewTests.m */; };
		52F5CA9D1B82D51D00E97BB8 /* WebKit.framework in Frameworks */ = {isa = PBXBuildFile; fileRef = 52F5CA9C1B82D51D00E97BB8 /* WebKit.framework */; };
		52F5CAA31B82E2B500E97BB8 /* WSWebView.m in Sources */ = {isa = PBXBuildFile; fileRef = 52F5CAA21B82E2B500E97BB8 /* WSWebView.m */; };
/* End PBXBuildFile section */

/* Begin PBXContainerItemProxy section */
		52F5CA8D1B82D4EC00E97BB8 /* PBXContainerItemProxy */ = {
			isa = PBXContainerItemProxy;
			containerPortal = 52F5CA6B1B82D4EC00E97BB8 /* Project object */;
			proxyType = 1;
			remoteGlobalIDString = 52F5CA721B82D4EC00E97BB8;
			remoteInfo = TestWKWebView;
		};
/* End PBXContainerItemProxy section */

/* Begin PBXFileReference section */
		52F5CA731B82D4EC00E97BB8 /* TestWKWebView.app */ = {isa = PBXFileReference; explicitFileType = wrapper.application; includeInIndex = 0; path = TestWKWebView.app; sourceTree = BUILT_PRODUCTS_DIR; };
		52F5CA771B82D4EC00E97BB8 /* Info.plist */ = {isa = PBXFileReference; lastKnownFileType = text.plist.xml; path = Info.plist; sourceTree = "<group>"; };
		52F5CA781B82D4EC00E97BB8 /* main.m */ = {isa = PBXFileReference; lastKnownFileType = sourcecode.c.objc; path = main.m; sourceTree = "<group>"; };
		52F5CA7A1B82D4EC00E97BB8 /* AppDelegate.h */ = {isa = PBXFileReference; lastKnownFileType = sourcecode.c.h; path = AppDelegate.h; sourceTree = "<group>"; };
		52F5CA7B1B82D4EC00E97BB8 /* AppDelegate.m */ = {isa = PBXFileReference; lastKnownFileType = sourcecode.c.objc; path = AppDelegate.m; sourceTree = "<group>"; };
		52F5CA7D1B82D4EC00E97BB8 /* ViewController.h */ = {isa = PBXFileReference; lastKnownFileType = sourcecode.c.h; path = ViewController.h; sourceTree = "<group>"; };
		52F5CA7E1B82D4EC00E97BB8 /* ViewController.m */ = {isa = PBXFileReference; lastKnownFileType = sourcecode.c.objc; path = ViewController.m; sourceTree = "<group>"; };
		52F5CA811B82D4EC00E97BB8 /* Base */ = {isa = PBXFileReference; lastKnownFileType = file.storyboard; name = Base; path = Base.lproj/Main.storyboard; sourceTree = "<group>"; };
		52F5CA831B82D4EC00E97BB8 /* Images.xcassets */ = {isa = PBXFileReference; lastKnownFileType = folder.assetcatalog; path = Images.xcassets; sourceTree = "<group>"; };
		52F5CA861B82D4EC00E97BB8 /* Base */ = {isa = PBXFileReference; lastKnownFileType = file.xib; name = Base; path = Base.lproj/LaunchScreen.xib; sourceTree = "<group>"; };
		52F5CA8C1B82D4EC00E97BB8 /* TestWKWebViewTests.xctest */ = {isa = PBXFileReference; explicitFileType = wrapper.cfbundle; includeInIndex = 0; path = TestWKWebViewTests.xctest; sourceTree = BUILT_PRODUCTS_DIR; };
		52F5CA911B82D4EC00E97BB8 /* Info.plist */ = {isa = PBXFileReference; lastKnownFileType = text.plist.xml; path = Info.plist; sourceTree = "<group>"; };
		52F5CA921B82D4EC00E97BB8 /* TestWKWebViewTests.m */ = {isa = PBXFileReference; lastKnownFileType = sourcecode.c.objc; path = TestWKWebViewTests.m; sourceTree = "<group>"; };
		52F5CA9C1B82D51D00E97BB8 /* WebKit.framework */ = {isa = PBXFileReference; lastKnownFileType = wrapper.framework; name = WebKit.framework; path = System/Library/Frameworks/WebKit.framework; sourceTree = SDKROOT; };
		52F5CAA11B82E2B400E97BB8 /* WSWebView.h */ = {isa = PBXFileReference; fileEncoding = 4; lastKnownFileType = sourcecode.c.h; path = WSWebView.h; sourceTree = "<group>"; };
		52F5CAA21B82E2B500E97BB8 /* WSWebView.m */ = {isa = PBXFileReference; fileEncoding = 4; lastKnownFileType = sourcecode.c.objc; path = WSWebView.m; sourceTree = "<group>"; };
/* End PBXFileReference section */

/* Begin PBXFrameworksBuildPhase section */
		52F5CA701B82D4EC00E97BB8 /* Frameworks */ = {
			isa = PBXFrameworksBuildPhase;
			buildActionMask = 2147483647;
			files = (
				52F5CA9D1B82D51D00E97BB8 /* WebKit.framework in Frameworks */,
			);
			runOnlyForDeploymentPostprocessing = 0;
		};
		52F5CA891B82D4EC00E97BB8 /* Frameworks */ = {
			isa = PBXFrameworksBuildPhase;
			buildActionMask = 2147483647;
			files = (
			);
			runOnlyForDeploymentPostprocessing = 0;
		};
/* End PBXFrameworksBuildPhase section */

/* Begin PBXGroup section */
		52F5CA6A1B82D4EC00E97BB8 = {
			isa = PBXGroup;
			children = (
				52F5CA751B82D4EC00E97BB8 /* TestWKWebView */,
				52F5CA8F1B82D4EC00E97BB8 /* TestWKWebViewTests */,
				52F5CA741B82D4EC00E97BB8 /* Products */,
				52F5CA9C1B82D51D00E97BB8 /* WebKit.framework */,
			);
			sourceTree = "<group>";
		};
		52F5CA741B82D4EC00E97BB8 /* Products */ = {
			isa = PBXGroup;
			children = (
				52F5CA731B82D4EC00E97BB8 /* TestWKWebView.app */,
				52F5CA8C1B82D4EC00E97BB8 /* TestWKWebViewTests.xctest */,
			);
			name = Products;
			sourceTree = "<group>";
		};
		52F5CA751B82D4EC00E97BB8 /* TestWKWebView */ = {
			isa = PBXGroup;
			children = (
				52F5CA7A1B82D4EC00E97BB8 /* AppDelegate.h */,
				52F5CA7B1B82D4EC00E97BB8 /* AppDelegate.m */,
				52F5CA7D1B82D4EC00E97BB8 /* ViewController.h */,
				52F5CA7E1B82D4EC00E97BB8 /* ViewController.m */,
				52F5CAA11B82E2B400E97BB8 /* WSWebView.h */,
				52F5CAA21B82E2B500E97BB8 /* WSWebView.m */,
				52F5CA801B82D4EC00E97BB8 /* Main.storyboard */,
				52F5CA831B82D4EC00E97BB8 /* Images.xcassets */,
				52F5CA851B82D4EC00E97BB8 /* LaunchScreen.xib */,
				52F5CA761B82D4EC00E97BB8 /* Supporting Files */,
			);
			path = TestWKWebView;
			sourceTree = "<group>";
		};
		52F5CA761B82D4EC00E97BB8 /* Supporting Files */ = {
			isa = PBXGroup;
			children = (
				52F5CA771B82D4EC00E97BB8 /* Info.plist */,
				52F5CA781B82D4EC00E97BB8 /* main.m */,
			);
			name = "Supporting Files";
			sourceTree = "<group>";
		};
		52F5CA8F1B82D4EC00E97BB8 /* TestWKWebViewTests */ = {
			isa = PBXGroup;
			children = (
				52F5CA921B82D4EC00E97BB8 /* TestWKWebViewTests.m */,
				52F5CA901B82D4EC00E97BB8 /* Supporting Files */,
			);
			path = TestWKWebViewTests;
			sourceTree = "<group>";
		};
		52F5CA901B82D4EC00E97BB8 /* Supporting Files */ = {
			isa = PBXGroup;
			children = (
				52F5CA911B82D4EC00E97BB8 /* Info.plist */,
			);
			name = "Supporting Files";
			sourceTree = "<group>";
		};
/* End PBXGroup section */

/* Begin PBXNativeTarget section */
		52F5CA721B82D4EC00E97BB8 /* TestWKWebView */ = {
			isa = PBXNativeTarget;
			buildConfigurationList = 52F5CA961B82D4EC00E97BB8 /* Build configuration list for PBXNativeTarget "TestWKWebView" */;
			buildPhases = (
				52F5CA6F1B82D4EC00E97BB8 /* Sources */,
				52F5CA701B82D4EC00E97BB8 /* Frameworks */,
				52F5CA711B82D4EC00E97BB8 /* Resources */,
			);
			buildRules = (
			);
			dependencies = (
			);
			name = TestWKWebView;
			productName = TestWKWebView;
			productReference = 52F5CA731B82D4EC00E97BB8 /* TestWKWebView.app */;
			productType = "com.apple.product-type.application";
		};
		52F5CA8B1B82D4EC00E97BB8 /* TestWKWebViewTests */ = {
			isa = PBXNativeTarget;
			buildConfigurationList = 52F5CA991B82D4EC00E97BB8 /* Build configuration list for PBXNativeTarget "TestWKWebViewTests" */;
			buildPhases = (
				52F5CA881B82D4EC00E97BB8 /* Sources */,
				52F5CA891B82D4EC00E97BB8 /* Frameworks */,
				52F5CA8A1B82D4EC00E97BB8 /* Resources */,
			);
			buildRules = (
			);
			dependencies = (
				52F5CA8E1B82D4EC00E97BB8 /* PBXTargetDependency */,
			);
			name = TestWKWebViewTests;
			productName = TestWKWebViewTests;
			productReference = 52F5CA8C1B82D4EC00E97BB8 /* TestWKWebViewTests.xctest */;
			productType = "com.apple.product-type.bundle.unit-test";
		};
/* End PBXNativeTarget section */

/* Begin PBXProject section */
		52F5CA6B1B82D4EC00E97BB8 /* Project object */ = {
			isa = PBXProject;
			attributes = {
				LastUpgradeCheck = 0640;
				ORGANIZATIONNAME = WowSai;
				TargetAttributes = {
					52F5CA721B82D4EC00E97BB8 = {
						CreatedOnToolsVersion = 6.4;
					};
					52F5CA8B1B82D4EC00E97BB8 = {
						CreatedOnToolsVersion = 6.4;
						TestTargetID = 52F5CA721B82D4EC00E97BB8;
					};
				};
			};
			buildConfigurationList = 52F5CA6E1B82D4EC00E97BB8 /* Build configuration list for PBXProject "TestWKWebView" */;
			compatibilityVersion = "Xcode 3.2";
			developmentRegion = English;
			hasScannedForEncodings = 0;
			knownRegions = (
				en,
				Base,
			);
			mainGroup = 52F5CA6A1B82D4EC00E97BB8;
			productRefGroup = 52F5CA741B82D4EC00E97BB8 /* Products */;
			projectDirPath = "";
			projectRoot = "";
			targets = (
				52F5CA721B82D4EC00E97BB8 /* TestWKWebView */,
				52F5CA8B1B82D4EC00E97BB8 /* TestWKWebViewTests */,
			);
		};
/* End PBXProject section */

/* Begin PBXResourcesBuildPhase section */
		52F5CA711B82D4EC00E97BB8 /* Resources */ = {
			isa = PBXResourcesBuildPhase;
			buildActionMask = 2147483647;
			files = (
				52F5CA821B82D4EC00E97BB8 /* Main.storyboard in Resources */,
				52F5CA871B82D4EC00E97BB8 /* LaunchScreen.xib in Resources */,
				52F5CA841B82D4EC00E97BB8 /* Images.xcassets in Resources */,
			);
			runOnlyForDeploymentPostprocessing = 0;
		};
		52F5CA8A1B82D4EC00E97BB8 /* Resources */ = {
			isa = PBXResourcesBuildPhase;
			buildActionMask = 2147483647;
			files = (
			);
			runOnlyForDeploymentPostprocessing = 0;
		};
/* End PBXResourcesBuildPhase section */

/* Begin PBXSourcesBuildPhase section */
		52F5CA6F1B82D4EC00E97BB8 /* Sources */ = {
			isa = PBXSourcesBuildPhase;
			buildActionMask = 2147483647;
			files = (
				52F5CA7F1B82D4EC00E97BB8 /* ViewController.m in Sources */,
				52F5CAA31B82E2B500E97BB8 /* WSWebView.m in Sources */,
				52F5CA7C1B82D4EC00E97BB8 /* AppDelegate.m in Sources */,
				52F5CA791B82D4EC00E97BB8 /* main.m in Sources */,
			);
			runOnlyForDeploymentPostprocessing = 0;
		};
		52F5CA881B82D4EC00E97BB8 /* Sources */ = {
			isa = PBXSourcesBuildPhase;
			buildActionMask = 2147483647;
			files = (
				52F5CA931B82D4EC00E97BB8 /* TestWKWebViewTests.m in Sources */,
			);
			runOnlyForDeploymentPostprocessing = 0;
		};
/* End PBXSourcesBuildPhase section */

/* Begin PBXTargetDependency section */
		52F5CA8E1B82D4EC00E97BB8 /* PBXTargetDependency */ = {
			isa = PBXTargetDependency;
			target = 52F5CA721B82D4EC00E97BB8 /* TestWKWebView */;
			targetProxy = 52F5CA8D1B82D4EC00E97BB8 /* PBXContainerItemProxy */;
		};
/* End PBXTargetDependency section */

/* Begin PBXVariantGroup section */
		52F5CA801B82D4EC00E97BB8 /* Main.storyboard */ = {
			isa = PBXVariantGroup;
			children = (
				52F5CA811B82D4EC00E97BB8 /* Base */,
			);
			name = Main.storyboard;
			sourceTree = "<group>";
		};
		52F5CA851B82D4EC00E97BB8 /* LaunchScreen.xib */ = {
			isa = PBXVariantGroup;
			children = (
				52F5CA861B82D4EC00E97BB8 /* Base */,
			);
			name = LaunchScreen.xib;
			sourceTree = "<group>";
		};
/* End PBXVariantGroup section */

/* Begin XCBuildConfiguration section */
		52F5CA941B82D4EC00E97BB8 /* Debug */ = {
			isa = XCBuildConfiguration;
			buildSettings = {
				ALWAYS_SEARCH_USER_PATHS = NO;
				CLANG_CXX_LANGUAGE_STANDARD = "gnu++0x";
				CLANG_CXX_LIBRARY = "libc++";
				CLANG_ENABLE_MODULES = YES;
				CLANG_ENABLE_OBJC_ARC = YES;
				CLANG_WARN_BOOL_CONVERSION = YES;
				CLANG_WARN_CONSTANT_CONVERSION = YES;
				CLANG_WARN_DIRECT_OBJC_ISA_USAGE = YES_ERROR;
				CLANG_WARN_EMPTY_BODY = YES;
				CLANG_WARN_ENUM_CONVERSION = YES;
				CLANG_WARN_INT_CONVERSION = YES;
				CLANG_WARN_OBJC_ROOT_CLASS = YES_ERROR;
				CLANG_WARN_UNREACHABLE_CODE = YES;
				CLANG_WARN__DUPLICATE_METHOD_MATCH = YES;
				"CODE_SIGN_IDENTITY[sdk=iphoneos*]" = "iPhone Developer";
				COPY_PHASE_STRIP = NO;
				DEBUG_INFORMATION_FORMAT = "dwarf-with-dsym";
				ENABLE_STRICT_OBJC_MSGSEND = YES;
				GCC_C_LANGUAGE_STANDARD = gnu99;
				GCC_DYNAMIC_NO_PIC = NO;
				GCC_NO_COMMON_BLOCKS = YES;
				GCC_OPTIMIZATION_LEVEL = 0;
				GCC_PREPROCESSOR_DEFINITIONS = (
					"DEBUG=1",
					"$(inherited)",
				);
				GCC_SYMBOLS_PRIVATE_EXTERN = NO;
				GCC_WARN_64_TO_32_BIT_CONVERSION = YES;
				GCC_WARN_ABOUT_RETURN_TYPE = YES_ERROR;
				GCC_WARN_UNDECLARED_SELECTOR = YES;
				GCC_WARN_UNINITIALIZED_AUTOS = YES_AGGRESSIVE;
				GCC_WARN_UNUSED_FUNCTION = YES;
				GCC_WARN_UNUSED_VARIABLE = YES;
				IPHONEOS_DEPLOYMENT_TARGET = 8.4;
				MTL_ENABLE_DEBUG_INFO = YES;
				ONLY_ACTIVE_ARCH = YES;
				SDKROOT = iphoneos;
			};
			name = Debug;
		};
		52F5CA951B82D4EC00E97BB8 /* Release */ = {
			isa = XCBuildConfiguration;
			buildSettings = {
				ALWAYS_SEARCH_USER_PATHS = NO;
				CLANG_CXX_LANGUAGE_STANDARD = "gnu++0x";
				CLANG_CXX_LIBRARY = "libc++";
				CLANG_ENABLE_MODULES = YES;
				CLANG_ENABLE_OBJC_ARC = YES;
				CLANG_WARN_BOOL_CONVERSION = YES;
				CLANG_WARN_CONSTANT_CONVERSION = YES;
				CLANG_WARN_DIRECT_OBJC_ISA_USAGE = YES_ERROR;
				CLANG_WARN_EMPTY_BODY = YES;
				CLANG_WARN_ENUM_CONVERSION = YES;
				CLANG_WARN_INT_CONVERSION = YES;
				CLANG_WARN_OBJC_ROOT_CLASS = YES_ERROR;
				CLANG_WARN_UNREACHABLE_CODE = YES;
				CLANG_WARN__DUPLICATE_METHOD_MATCH = YES;
				"CODE_SIGN_IDENTITY[sdk=iphoneos*]" = "iPhone Developer";
				COPY_PHASE_STRIP = NO;
				DEBUG_INFORMATION_FORMAT = "dwarf-with-dsym";
				ENABLE_NS_ASSERTIONS = NO;
				ENABLE_STRICT_OBJC_MSGSEND = YES;
				GCC_C_LANGUAGE_STANDARD = gnu99;
				GCC_NO_COMMON_BLOCKS = YES;
				GCC_WARN_64_TO_32_BIT_CONVERSION = YES;
				GCC_WARN_ABOUT_RETURN_TYPE = YES_ERROR;
				GCC_WARN_UNDECLARED_SELECTOR = YES;
				GCC_WARN_UNINITIALIZED_AUTOS = YES_AGGRESSIVE;
				GCC_WARN_UNUSED_FUNCTION = YES;
				GCC_WARN_UNUSED_VARIABLE = YES;
				IPHONEOS_DEPLOYMENT_TARGET = 8.4;
				MTL_ENABLE_DEBUG_INFO = NO;
				SDKROOT = iphoneos;
				VALIDATE_PRODUCT = YES;
			};
			name = Release;
		};
		52F5CA971B82D4EC00E97BB8 /* Debug */ = {
			isa = XCBuildConfiguration;
			buildSettings = {
				ASSETCATALOG_COMPILER_APPICON_NAME = AppIcon;
				INFOPLIST_FILE = TestWKWebView/Info.plist;
				IPHONEOS_DEPLOYMENT_TARGET = 8.0;
				LD_RUNPATH_SEARCH_PATHS = "$(inherited) @executable_path/Frameworks";
				PRODUCT_NAME = "$(TARGET_NAME)";
			};
			name = Debug;
		};
		52F5CA981B82D4EC00E97BB8 /* Release */ = {
			isa = XCBuildConfiguration;
			buildSettings = {
				ASSETCATALOG_COMPILER_APPICON_NAME = AppIcon;
				INFOPLIST_FILE = TestWKWebView/Info.plist;
				IPHONEOS_DEPLOYMENT_TARGET = 8.0;
				LD_RUNPATH_SEARCH_PATHS = "$(inherited) @executable_path/Frameworks";
				PRODUCT_NAME = "$(TARGET_NAME)";
			};
			name = Release;
		};
		52F5CA9A1B82D4EC00E97BB8 /* Debug */ = {
			isa = XCBuildConfiguration;
			buildSettings = {
				BUNDLE_LOADER = "$(TEST_HOST)";
				FRAMEWORK_SEARCH_PATHS = (
					"$(SDKROOT)/Developer/Library/Frameworks",
					"$(inherited)",
				);
				GCC_PREPROCESSOR_DEFINITIONS = (
					"DEBUG=1",
					"$(inherited)",
				);
				INFOPLIST_FILE = TestWKWebViewTests/Info.plist;
				LD_RUNPATH_SEARCH_PATHS = "$(inherited) @executable_path/Frameworks @loader_path/Frameworks";
				PRODUCT_NAME = "$(TARGET_NAME)";
				TEST_HOST = "$(BUILT_PRODUCTS_DIR)/TestWKWebView.app/TestWKWebView";
			};
			name = Debug;
		};
		52F5CA9B1B82D4EC00E97BB8 /* Release */ = {
			isa = XCBuildConfiguration;
			buildSettings = {
				BUNDLE_LOADER = "$(TEST_HOST)";
				FRAMEWORK_SEARCH_PATHS = (
					"$(SDKROOT)/Developer/Library/Frameworks",
					"$(inherited)",
				);
				INFOPLIST_FILE = TestWKWebViewTests/Info.plist;
				LD_RUNPATH_SEARCH_PATHS = "$(inherited) @executable_path/Frameworks @loader_path/Frameworks";
				PRODUCT_NAME = "$(TARGET_NAME)";
				TEST_HOST = "$(BUILT_PRODUCTS_DIR)/TestWKWebView.app/TestWKWebView";
			};
			name = Release;
		};
/* End XCBuildConfiguration section */

/* Begin XCConfigurationList section */
		52F5CA6E1B82D4EC00E97BB8 /* Build configuration list for PBXProject "TestWKWebView" */ = {
			isa = XCConfigurationList;
			buildConfigurations = (
				52F5CA941B82D4EC00E97BB8 /* Debug */,
				52F5CA951B82D4EC00E97BB8 /* Release */,
			);
			defaultConfigurationIsVisible = 0;
			defaultConfigurationName = Release;
		};
		52F5CA961B82D4EC00E97BB8 /* Build configuration list for PBXNativeTarget "TestWKWebView" */ = {
			isa = XCConfigurationList;
			buildConfigurations = (
				52F5CA971B82D4EC00E97BB8 /* Debug */,
				52F5CA981B82D4EC00E97BB8 /* Release */,
			);
			defaultConfigurationIsVisible = 0;
		};
		52F5CA991B82D4EC00E97BB8 /* Build configuration list for PBXNativeTarget "TestWKWebViewTests" */ = {
			isa = XCConfigurationList;
			buildConfigurations = (
				52F5CA9A1B82D4EC00E97BB8 /* Debug */,
				52F5CA9B1B82D4EC00E97BB8 /* Release */,
			);
			defaultConfigurationIsVisible = 0;
		};
/* End XCConfigurationList section */
	};
	rootObject = 52F5CA6B1B82D4EC00E97BB8 /* Project object */;
}
